
Microsoft Visual Studio Solution File, Format Version 12.00
# Visual Studio 15
VisualStudioVersion = 15.0.28307.489
MinimumVisualStudioVersion = 10.0.40219.1
Project("{FAE04EC0-301F-11D3-BF4B-00C04F79EFBC}") = "StringBuilderPractice", "StringBuilderPractice\StringBuilderPractice.csproj", "{95E85A3C-125B-4845-9BEB-D8BF7DCF9782}"
EndProject
Global
	GlobalSection(SolutionConfigurationPlatforms) = preSolution
		Debug|Any CPU = Debug|Any CPU
		Release|Any CPU = Release|Any CPU
	EndGlobalSection
	GlobalSection(ProjectConfigurationPlatforms) = postSolution
		{95E85A3C-125B-4845-9BEB-D8BF7DCF9782}.Debug|Any CPU.ActiveCfg = Debug|Any CPU
		{95E85A3C-125B-4845-9BEB-D8BF7DCF9782}.Debug|Any CPU.Build.0 = Debug|Any CPU
		{95E85A3C-125B-4845-9BEB-D8BF7DCF9782}.Release|Any CPU.ActiveCfg = Release|Any CPU
		{95E85A3C-125B-4845-9BEB-D8BF7DCF9782}.Release|Any CPU.Build.0 = Release|Any CPU
	EndGlobalSection
	GlobalSection(SolutionProperties) = preSolution
		HideSolutionNode = FALSE
	EndGlobalSection
	GlobalSection(ExtensibilityGlobals) = postSolution
		SolutionGuid = {C54A2C0C-F814-4D25-8EC0-064BBEE99D8C}
	EndGlobalSection
EndGlobal
