
Microsoft Visual Studio Solution File, Format Version 12.00
# Visual Studio 15
VisualStudioVersion = 15.0.28307.572
MinimumVisualStudioVersion = 10.0.40219.1
Project("{FAE04EC0-301F-11D3-BF4B-00C04F79EFBC}") = "ContosoUniversity", "ContosoUniversity\ContosoUniversity.csproj", "{E1CFF318-7399-4FBA-9F84-631F39E92307}"
EndProject
Global
	GlobalSection(SolutionConfigurationPlatforms) = preSolution
		Debug|Any CPU = Debug|Any CPU
		Release|Any CPU = Release|Any CPU
	EndGlobalSection
	GlobalSection(ProjectConfigurationPlatforms) = postSolution
		{E1CFF318-7399-4FBA-9F84-631F39E92307}.Debug|Any CPU.ActiveCfg = Debug|Any CPU
		{E1CFF318-7399-4FBA-9F84-631F39E92307}.Debug|Any CPU.Build.0 = Debug|Any CPU
		{E1CFF318-7399-4FBA-9F84-631F39E92307}.Release|Any CPU.ActiveCfg = Release|Any CPU
		{E1CFF318-7399-4FBA-9F84-631F39E92307}.Release|Any CPU.Build.0 = Release|Any CPU
	EndGlobalSection
	GlobalSection(SolutionProperties) = preSolution
		HideSolutionNode = FALSE
	EndGlobalSection
	GlobalSection(ExtensibilityGlobals) = postSolution
		SolutionGuid = {2C439858-F82B-4CB4-8558-BB3FB93680D0}
	EndGlobalSection
EndGlobal
