
Microsoft Visual Studio Solution File, Format Version 12.00
# Visual Studio 15
VisualStudioVersion = 15.0.28307.489
MinimumVisualStudioVersion = 10.0.40219.1
Project("{FAE04EC0-301F-11D3-BF4B-00C04F79EFBC}") = "generic", "generic\generic.csproj", "{03565F4A-3E7B-41BD-A2A7-99B41A6627E9}"
EndProject
Global
	GlobalSection(SolutionConfigurationPlatforms) = preSolution
		Debug|Any CPU = Debug|Any CPU
		Release|Any CPU = Release|Any CPU
	EndGlobalSection
	GlobalSection(ProjectConfigurationPlatforms) = postSolution
		{03565F4A-3E7B-41BD-A2A7-99B41A6627E9}.Debug|Any CPU.ActiveCfg = Debug|Any CPU
		{03565F4A-3E7B-41BD-A2A7-99B41A6627E9}.Debug|Any CPU.Build.0 = Debug|Any CPU
		{03565F4A-3E7B-41BD-A2A7-99B41A6627E9}.Release|Any CPU.ActiveCfg = Release|Any CPU
		{03565F4A-3E7B-41BD-A2A7-99B41A6627E9}.Release|Any CPU.Build.0 = Release|Any CPU
	EndGlobalSection
	GlobalSection(SolutionProperties) = preSolution
		HideSolutionNode = FALSE
	EndGlobalSection
	GlobalSection(ExtensibilityGlobals) = postSolution
		SolutionGuid = {68F26E38-1A36-4A80-BDAB-C0D305612F68}
	EndGlobalSection
EndGlobal
