
Microsoft Visual Studio Solution File, Format Version 12.00
# Visual Studio 15
VisualStudioVersion = 15.0.28307.572
MinimumVisualStudioVersion = 10.0.40219.1
Project("{FAE04EC0-301F-11D3-BF4B-00C04F79EFBC}") = "codefirstef", "codefirstef\codefirstef.csproj", "{19475FED-D07C-4E9A-90BF-75904EC98393}"
EndProject
Global
	GlobalSection(SolutionConfigurationPlatforms) = preSolution
		Debug|Any CPU = Debug|Any CPU
		Release|Any CPU = Release|Any CPU
	EndGlobalSection
	GlobalSection(ProjectConfigurationPlatforms) = postSolution
		{19475FED-D07C-4E9A-90BF-75904EC98393}.Debug|Any CPU.ActiveCfg = Debug|Any CPU
		{19475FED-D07C-4E9A-90BF-75904EC98393}.Debug|Any CPU.Build.0 = Debug|Any CPU
		{19475FED-D07C-4E9A-90BF-75904EC98393}.Release|Any CPU.ActiveCfg = Release|Any CPU
		{19475FED-D07C-4E9A-90BF-75904EC98393}.Release|Any CPU.Build.0 = Release|Any CPU
	EndGlobalSection
	GlobalSection(SolutionProperties) = preSolution
		HideSolutionNode = FALSE
	EndGlobalSection
	GlobalSection(ExtensibilityGlobals) = postSolution
		SolutionGuid = {8A3E6AC3-8BEB-47D4-81E5-046445DE0CC6}
	EndGlobalSection
EndGlobal
